// !$*UTF8*$!
{
	archiveVersion = 1;
	classes = {
	};
	objectVersion = 56;
	objects = {

/* Begin PBXBuildFile section */
		BD0D28F12D2B21E400299966 /* Quotes.swift in Sources */ = {isa = PBXBuildFile; fileRef = BD0D28F02D2B21E400299966 /* Quotes.swift */; };
		BD1F4F652D29D10800C8D3E0 /* IconButton.swift in Sources */ = {isa = PBXBuildFile; fileRef = BD1F4F642D29D10800C8D3E0 /* IconButton.swift */; };
		BD1F4F682D2A079F00C8D3E0 /* NetworkManager.swift in Sources */ = {isa = PBXBuildFile; fileRef = BD1F4F672D2A079F00C8D3E0 /* NetworkManager.swift */; };
		BD2E483B2D519B0E00C2F116 /* ReviewManager.swift in Sources */ = {isa = PBXBuildFile; fileRef = BD2E483A2D519B0E00C2F116 /* ReviewManager.swift */; };
		BD4162092D2E414D00F8C285 /* WebViewVC.swift in Sources */ = {isa = PBXBuildFile; fileRef = BD4162082D2E414D00F8C285 /* WebViewVC.swift */; };
		BD41620B2D2E489200F8C285 /* DataLoadingVC.swift in Sources */ = {isa = PBXBuildFile; fileRef = BD41620A2D2E489200F8C285 /* DataLoadingVC.swift */; };
		BD43978F2D3F5B85003061CA /* AppliedTagsView.swift in Sources */ = {isa = PBXBuildFile; fileRef = BD43978E2D3F5B85003061CA /* AppliedTagsView.swift */; };
		BD4397912D3F66ED003061CA /* HeaderContainerView.swift in Sources */ = {isa = PBXBuildFile; fileRef = BD4397902D3F66ED003061CA /* HeaderContainerView.swift */; };
		BD5C18E12D37653E00BE78BC /* LeftAlignedFlowLayout.swift in Sources */ = {isa = PBXBuildFile; fileRef = BD5C18E02D37653D00BE78BC /* LeftAlignedFlowLayout.swift */; };
		BD5C18E32D38659300BE78BC /* ButtonFactory.swift in Sources */ = {isa = PBXBuildFile; fileRef = BD5C18E22D38659300BE78BC /* ButtonFactory.swift */; };
		BD6139212D40C3A800D341BF /* CloudKitManager.swift in Sources */ = {isa = PBXBuildFile; fileRef = BD6139202D40C3A800D341BF /* CloudKitManager.swift */; };
		BD67D6972D4382ED0022856B /* EmptyStateView.swift in Sources */ = {isa = PBXBuildFile; fileRef = BD67D6962D4382ED0022856B /* EmptyStateView.swift */; };
		BD756DC02D275B17004FA956 /* Constant.swift in Sources */ = {isa = PBXBuildFile; fileRef = BD756DBF2D275B17004FA956 /* Constant.swift */; };
		BD756DC32D2769E6004FA956 /* BookCardCollectionVC.swift in Sources */ = {isa = PBXBuildFile; fileRef = BD756DC22D2769E6004FA956 /* BookCardCollectionVC.swift */; };
		BD756DC52D27A082004FA956 /* Book.swift in Sources */ = {isa = PBXBuildFile; fileRef = BD756DC42D27A082004FA956 /* Book.swift */; };
		BD756DCA2D27B1FD004FA956 /* BookCardCell.swift in Sources */ = {isa = PBXBuildFile; fileRef = BD756DC92D27B1FD004FA956 /* BookCardCell.swift */; };
		BD8A339F2D2736C700641D7D /* AppDelegate.swift in Sources */ = {isa = PBXBuildFile; fileRef = BD8A339E2D2736C700641D7D /* AppDelegate.swift */; };
		BD8A33A12D2736C700641D7D /* SceneDelegate.swift in Sources */ = {isa = PBXBuildFile; fileRef = BD8A33A02D2736C700641D7D /* SceneDelegate.swift */; };
		BD8A33A92D2736C700641D7D /* BookDam.xcdatamodeld in Sources */ = {isa = PBXBuildFile; fileRef = BD8A33A72D2736C700641D7D /* BookDam.xcdatamodeld */; };
		BD8A33AB2D2736C900641D7D /* Assets.xcassets in Resources */ = {isa = PBXBuildFile; fileRef = BD8A33AA2D2736C900641D7D /* Assets.xcassets */; };
		BD8A33AE2D2736C900641D7D /* LaunchScreen.storyboard in Resources */ = {isa = PBXBuildFile; fileRef = BD8A33AC2D2736C900641D7D /* LaunchScreen.storyboard */; };
		BD8A33BC2D274BDD00641D7D /* BooksVC.swift in Sources */ = {isa = PBXBuildFile; fileRef = BD8A33BB2D274BDD00641D7D /* BooksVC.swift */; };
		BD8A33BE2D274BF200641D7D /* SearchVC.swift in Sources */ = {isa = PBXBuildFile; fileRef = BD8A33BD2D274BF200641D7D /* SearchVC.swift */; };
		BD8A33C02D274C4500641D7D /* InfoVC.swift in Sources */ = {isa = PBXBuildFile; fileRef = BD8A33BF2D274C4500641D7D /* InfoVC.swift */; };
		BD8A33C32D274D4500641D7D /* TabBarController.swift in Sources */ = {isa = PBXBuildFile; fileRef = BD8A33C22D274D4500641D7D /* TabBarController.swift */; };
		BD8B7D262D3EFB4E00F529B7 /* TagFilterSheet.swift in Sources */ = {isa = PBXBuildFile; fileRef = BD8B7D252D3EFB4E00F529B7 /* TagFilterSheet.swift */; };
		BD8B7D282D3EFEBD00F529B7 /* TagSelectionVC.swift in Sources */ = {isa = PBXBuildFile; fileRef = BD8B7D272D3EFEBD00F529B7 /* TagSelectionVC.swift */; };
		BD9B623F2D31E04300AC3176 /* CoreDataManager.swift in Sources */ = {isa = PBXBuildFile; fileRef = BD9B623E2D31E04300AC3176 /* CoreDataManager.swift */; };
		BDCD1E692D35E22200224B0F /* NavigationButtonFactory.swift in Sources */ = {isa = PBXBuildFile; fileRef = BDCD1E682D35E22200224B0F /* NavigationButtonFactory.swift */; };
		BDCEFB272D36FC9A00F2FA0C /* Tag.swift in Sources */ = {isa = PBXBuildFile; fileRef = BDCEFB262D36FC9A00F2FA0C /* Tag.swift */; };
		BDCEFB2D2D370E2F00F2FA0C /* TagManager.swift in Sources */ = {isa = PBXBuildFile; fileRef = BDCEFB2C2D370E2F00F2FA0C /* TagManager.swift */; };
		BDCEFB312D37119300F2FA0C /* TagManagementSheet.swift in Sources */ = {isa = PBXBuildFile; fileRef = BDCEFB302D37119300F2FA0C /* TagManagementSheet.swift */; };
		BDCEFB332D37163800F2FA0C /* TagCollectionViewCell.swift in Sources */ = {isa = PBXBuildFile; fileRef = BDCEFB322D37163800F2FA0C /* TagCollectionViewCell.swift */; };
		BDD2C3932D2B33F1009796AF /* GowunDodum-Regular.ttf in Resources */ = {isa = PBXBuildFile; fileRef = BDD2C3922D2B33F1009796AF /* GowunDodum-Regular.ttf */; };
		BDD2C3962D2B3407009796AF /* GowunBatang-Bold.ttf in Resources */ = {isa = PBXBuildFile; fileRef = BDD2C3942D2B3407009796AF /* GowunBatang-Bold.ttf */; };
		BDD2C3972D2B3407009796AF /* GowunBatang-Regular.ttf in Resources */ = {isa = PBXBuildFile; fileRef = BDD2C3952D2B3407009796AF /* GowunBatang-Regular.ttf */; };
		BDD2C39C2D2B3E58009796AF /* QuotesView.swift in Sources */ = {isa = PBXBuildFile; fileRef = BDD2C39B2D2B3E58009796AF /* QuotesView.swift */; };
		BDD2C39F2D2B50DC009796AF /* Label+Ext.swift in Sources */ = {isa = PBXBuildFile; fileRef = BDD2C39E2D2B50DC009796AF /* Label+Ext.swift */; };
		BDD686FF2D34BF4E00F6FF91 /* UserDefaultManager.swift in Sources */ = {isa = PBXBuildFile; fileRef = BDD686FE2D34BF4E00F6FF91 /* UserDefaultManager.swift */; };
		BDD687072D34E2A000F6FF91 /* BookManager.swift in Sources */ = {isa = PBXBuildFile; fileRef = BDD687062D34E2A000F6FF91 /* BookManager.swift */; };
		BDD88EC02D403C21004033E4 /* MoreVC.swift in Sources */ = {isa = PBXBuildFile; fileRef = BDD88EBF2D403C21004033E4 /* MoreVC.swift */; };
		BDD88EC22D404A7C004033E4 /* TagListingVC.swift in Sources */ = {isa = PBXBuildFile; fileRef = BDD88EC12D404A7C004033E4 /* TagListingVC.swift */; };
		BDD88EC52D406CE7004033E4 /* DisplayModeVC.swift in Sources */ = {isa = PBXBuildFile; fileRef = BDD88EC42D406CE7004033E4 /* DisplayModeVC.swift */; };
		BDDB4C552D307CAF005B6701 /* UIViewController + Ext.swift in Sources */ = {isa = PBXBuildFile; fileRef = BDDB4C542D307CAF005B6701 /* UIViewController + Ext.swift */; };
		BDF57DF12D2C7555006D9BBD /* BookListTableVC.swift in Sources */ = {isa = PBXBuildFile; fileRef = BDF57DF02D2C7555006D9BBD /* BookListTableVC.swift */; };
		BDF57DF32D2C81DD006D9BBD /* BookListCell.swift in Sources */ = {isa = PBXBuildFile; fileRef = BDF57DF22D2C81DD006D9BBD /* BookListCell.swift */; };
		BDF57DF52D2CA08B006D9BBD /* String+Ext.swift in Sources */ = {isa = PBXBuildFile; fileRef = BDF57DF42D2CA08B006D9BBD /* String+Ext.swift */; };
		BDFB04182D2CCE83007F81E0 /* BookDetailVC.swift in Sources */ = {isa = PBXBuildFile; fileRef = BDFB04172D2CCE83007F81E0 /* BookDetailVC.swift */; };
/* End PBXBuildFile section */

/* Begin PBXFileReference section */
		BD0D28F02D2B21E400299966 /* Quotes.swift */ = {isa = PBXFileReference; lastKnownFileType = sourcecode.swift; path = Quotes.swift; sourceTree = "<group>"; };
		BD1F4F642D29D10800C8D3E0 /* IconButton.swift */ = {isa = PBXFileReference; lastKnownFileType = sourcecode.swift; path = IconButton.swift; sourceTree = "<group>"; };
		BD1F4F672D2A079F00C8D3E0 /* NetworkManager.swift */ = {isa = PBXFileReference; lastKnownFileType = sourcecode.swift; path = NetworkManager.swift; sourceTree = "<group>"; };
		BD2E483A2D519B0E00C2F116 /* ReviewManager.swift */ = {isa = PBXFileReference; lastKnownFileType = sourcecode.swift; path = ReviewManager.swift; sourceTree = "<group>"; };
		BD3C78BF2D28855F004662CB /* dummy.swift */ = {isa = PBXFileReference; lastKnownFileType = sourcecode.swift; path = dummy.swift; sourceTree = "<group>"; usesTabs = 0; };
		BD4162082D2E414D00F8C285 /* WebViewVC.swift */ = {isa = PBXFileReference; lastKnownFileType = sourcecode.swift; path = WebViewVC.swift; sourceTree = "<group>"; };
		BD41620A2D2E489200F8C285 /* DataLoadingVC.swift */ = {isa = PBXFileReference; lastKnownFileType = sourcecode.swift; path = DataLoadingVC.swift; sourceTree = "<group>"; };
		BD43978E2D3F5B85003061CA /* AppliedTagsView.swift */ = {isa = PBXFileReference; lastKnownFileType = sourcecode.swift; path = AppliedTagsView.swift; sourceTree = "<group>"; };
		BD4397902D3F66ED003061CA /* HeaderContainerView.swift */ = {isa = PBXFileReference; lastKnownFileType = sourcecode.swift; path = HeaderContainerView.swift; sourceTree = "<group>"; };
		BD5C18E02D37653D00BE78BC /* LeftAlignedFlowLayout.swift */ = {isa = PBXFileReference; lastKnownFileType = sourcecode.swift; path = LeftAlignedFlowLayout.swift; sourceTree = "<group>"; };
		BD5C18E22D38659300BE78BC /* ButtonFactory.swift */ = {isa = PBXFileReference; lastKnownFileType = sourcecode.swift; path = ButtonFactory.swift; sourceTree = "<group>"; };
		BD6139202D40C3A800D341BF /* CloudKitManager.swift */ = {isa = PBXFileReference; lastKnownFileType = sourcecode.swift; path = CloudKitManager.swift; sourceTree = "<group>"; };
		BD67D6962D4382ED0022856B /* EmptyStateView.swift */ = {isa = PBXFileReference; lastKnownFileType = sourcecode.swift; path = EmptyStateView.swift; sourceTree = "<group>"; };
		BD756DBF2D275B17004FA956 /* Constant.swift */ = {isa = PBXFileReference; lastKnownFileType = sourcecode.swift; path = Constant.swift; sourceTree = "<group>"; };
		BD756DC22D2769E6004FA956 /* BookCardCollectionVC.swift */ = {isa = PBXFileReference; lastKnownFileType = sourcecode.swift; path = BookCardCollectionVC.swift; sourceTree = "<group>"; };
		BD756DC42D27A082004FA956 /* Book.swift */ = {isa = PBXFileReference; lastKnownFileType = sourcecode.swift; path = Book.swift; sourceTree = "<group>"; };
		BD756DC92D27B1FD004FA956 /* BookCardCell.swift */ = {isa = PBXFileReference; lastKnownFileType = sourcecode.swift; path = BookCardCell.swift; sourceTree = "<group>"; };
		BD8A339B2D2736C700641D7D /* BookDam.app */ = {isa = PBXFileReference; explicitFileType = wrapper.application; includeInIndex = 0; path = BookDam.app; sourceTree = BUILT_PRODUCTS_DIR; };
		BD8A339E2D2736C700641D7D /* AppDelegate.swift */ = {isa = PBXFileReference; lastKnownFileType = sourcecode.swift; path = AppDelegate.swift; sourceTree = "<group>"; };
		BD8A33A02D2736C700641D7D /* SceneDelegate.swift */ = {isa = PBXFileReference; lastKnownFileType = sourcecode.swift; path = SceneDelegate.swift; sourceTree = "<group>"; };
		BD8A33A82D2736C700641D7D /* BookDam.xcdatamodel */ = {isa = PBXFileReference; lastKnownFileType = wrapper.xcdatamodel; path = BookDam.xcdatamodel; sourceTree = "<group>"; };
		BD8A33AA2D2736C900641D7D /* Assets.xcassets */ = {isa = PBXFileReference; lastKnownFileType = folder.assetcatalog; path = Assets.xcassets; sourceTree = "<group>"; };
		BD8A33AD2D2736C900641D7D /* Base */ = {isa = PBXFileReference; lastKnownFileType = file.storyboard; name = Base; path = Base.lproj/LaunchScreen.storyboard; sourceTree = "<group>"; };
		BD8A33AF2D2736C900641D7D /* BookDam.entitlements */ = {isa = PBXFileReference; lastKnownFileType = text.plist.entitlements; path = BookDam.entitlements; sourceTree = "<group>"; };
		BD8A33B02D2736C900641D7D /* Info.plist */ = {isa = PBXFileReference; lastKnownFileType = text.plist.xml; path = Info.plist; sourceTree = "<group>"; };
		BD8A33BB2D274BDD00641D7D /* BooksVC.swift */ = {isa = PBXFileReference; lastKnownFileType = sourcecode.swift; path = BooksVC.swift; sourceTree = "<group>"; };
		BD8A33BD2D274BF200641D7D /* SearchVC.swift */ = {isa = PBXFileReference; lastKnownFileType = sourcecode.swift; path = SearchVC.swift; sourceTree = "<group>"; };
		BD8A33BF2D274C4500641D7D /* InfoVC.swift */ = {isa = PBXFileReference; lastKnownFileType = sourcecode.swift; path = InfoVC.swift; sourceTree = "<group>"; };
		BD8A33C22D274D4500641D7D /* TabBarController.swift */ = {isa = PBXFileReference; lastKnownFileType = sourcecode.swift; path = TabBarController.swift; sourceTree = "<group>"; };
		BD8B7D252D3EFB4E00F529B7 /* TagFilterSheet.swift */ = {isa = PBXFileReference; lastKnownFileType = sourcecode.swift; path = TagFilterSheet.swift; sourceTree = "<group>"; };
		BD8B7D272D3EFEBD00F529B7 /* TagSelectionVC.swift */ = {isa = PBXFileReference; lastKnownFileType = sourcecode.swift; path = TagSelectionVC.swift; sourceTree = "<group>"; };
		BD9B623E2D31E04300AC3176 /* CoreDataManager.swift */ = {isa = PBXFileReference; lastKnownFileType = sourcecode.swift; path = CoreDataManager.swift; sourceTree = "<group>"; };
		BDCD1E682D35E22200224B0F /* NavigationButtonFactory.swift */ = {isa = PBXFileReference; lastKnownFileType = sourcecode.swift; path = NavigationButtonFactory.swift; sourceTree = "<group>"; };
		BDCEFB262D36FC9A00F2FA0C /* Tag.swift */ = {isa = PBXFileReference; lastKnownFileType = sourcecode.swift; path = Tag.swift; sourceTree = "<group>"; };
		BDCEFB2C2D370E2F00F2FA0C /* TagManager.swift */ = {isa = PBXFileReference; lastKnownFileType = sourcecode.swift; path = TagManager.swift; sourceTree = "<group>"; };
		BDCEFB302D37119300F2FA0C /* TagManagementSheet.swift */ = {isa = PBXFileReference; lastKnownFileType = sourcecode.swift; path = TagManagementSheet.swift; sourceTree = "<group>"; };
		BDCEFB322D37163800F2FA0C /* TagCollectionViewCell.swift */ = {isa = PBXFileReference; lastKnownFileType = sourcecode.swift; path = TagCollectionViewCell.swift; sourceTree = "<group>"; };
		BDD2C3922D2B33F1009796AF /* GowunDodum-Regular.ttf */ = {isa = PBXFileReference; lastKnownFileType = file; path = "GowunDodum-Regular.ttf"; sourceTree = "<group>"; };
		BDD2C3942D2B3407009796AF /* GowunBatang-Bold.ttf */ = {isa = PBXFileReference; lastKnownFileType = file; path = "GowunBatang-Bold.ttf"; sourceTree = "<group>"; };
		BDD2C3952D2B3407009796AF /* GowunBatang-Regular.ttf */ = {isa = PBXFileReference; lastKnownFileType = file; path = "GowunBatang-Regular.ttf"; sourceTree = "<group>"; };
		BDD2C39B2D2B3E58009796AF /* QuotesView.swift */ = {isa = PBXFileReference; lastKnownFileType = sourcecode.swift; path = QuotesView.swift; sourceTree = "<group>"; };
		BDD2C39E2D2B50DC009796AF /* Label+Ext.swift */ = {isa = PBXFileReference; lastKnownFileType = sourcecode.swift; path = "Label+Ext.swift"; sourceTree = "<group>"; };
		BDD686FE2D34BF4E00F6FF91 /* UserDefaultManager.swift */ = {isa = PBXFileReference; lastKnownFileType = sourcecode.swift; path = UserDefaultManager.swift; sourceTree = "<group>"; };
		BDD687062D34E2A000F6FF91 /* BookManager.swift */ = {isa = PBXFileReference; lastKnownFileType = sourcecode.swift; path = BookManager.swift; sourceTree = "<group>"; };
		BDD88EBF2D403C21004033E4 /* MoreVC.swift */ = {isa = PBXFileReference; lastKnownFileType = sourcecode.swift; path = MoreVC.swift; sourceTree = "<group>"; };
		BDD88EC12D404A7C004033E4 /* TagListingVC.swift */ = {isa = PBXFileReference; lastKnownFileType = sourcecode.swift; path = TagListingVC.swift; sourceTree = "<group>"; };
		BDD88EC42D406CE7004033E4 /* DisplayModeVC.swift */ = {isa = PBXFileReference; lastKnownFileType = sourcecode.swift; path = DisplayModeVC.swift; sourceTree = "<group>"; };
		BDD88EC62D40770B004033E4 /* BookDam.entitlements */ = {isa = PBXFileReference; lastKnownFileType = text.plist.entitlements; path = BookDam.entitlements; sourceTree = "<group>"; };
		BDDB4C542D307CAF005B6701 /* UIViewController + Ext.swift */ = {isa = PBXFileReference; lastKnownFileType = sourcecode.swift; path = "UIViewController + Ext.swift"; sourceTree = "<group>"; };
		BDF57DF02D2C7555006D9BBD /* BookListTableVC.swift */ = {isa = PBXFileReference; lastKnownFileType = sourcecode.swift; path = BookListTableVC.swift; sourceTree = "<group>"; };
		BDF57DF22D2C81DD006D9BBD /* BookListCell.swift */ = {isa = PBXFileReference; lastKnownFileType = sourcecode.swift; path = BookListCell.swift; sourceTree = "<group>"; };
		BDF57DF42D2CA08B006D9BBD /* String+Ext.swift */ = {isa = PBXFileReference; lastKnownFileType = sourcecode.swift; path = "String+Ext.swift"; sourceTree = "<group>"; };
		BDFB04172D2CCE83007F81E0 /* BookDetailVC.swift */ = {isa = PBXFileReference; lastKnownFileType = sourcecode.swift; path = BookDetailVC.swift; sourceTree = "<group>"; };
/* End PBXFileReference section */

/* Begin PBXFrameworksBuildPhase section */
		BD8A33982D2736C700641D7D /* Frameworks */ = {
			isa = PBXFrameworksBuildPhase;
			buildActionMask = 2147483647;
			files = (
			);
			runOnlyForDeploymentPostprocessing = 0;
		};
/* End PBXFrameworksBuildPhase section */

/* Begin PBXGroup section */
		BD0D28F22D2B2BFD00299966 /* Assets */ = {
			isa = PBXGroup;
			children = (
				BD0D28F32D2B2C8B00299966 /* Font */,
			);
			path = Assets;
			sourceTree = "<group>";
		};
		BD0D28F32D2B2C8B00299966 /* Font */ = {
			isa = PBXGroup;
			children = (
				BDD2C3942D2B3407009796AF /* GowunBatang-Bold.ttf */,
				BDD2C3952D2B3407009796AF /* GowunBatang-Regular.ttf */,
				BDD2C3922D2B33F1009796AF /* GowunDodum-Regular.ttf */,
			);
			path = Font;
			sourceTree = "<group>";
		};
		BD1F4F5F2D29CBC600C8D3E0 /* Button */ = {
			isa = PBXGroup;
			children = (
				BD1F4F642D29D10800C8D3E0 /* IconButton.swift */,
				BDCD1E682D35E22200224B0F /* NavigationButtonFactory.swift */,
				BD5C18E22D38659300BE78BC /* ButtonFactory.swift */,
			);
			path = Button;
			sourceTree = "<group>";
		};
		BD1F4F662D2A077F00C8D3E0 /* Models */ = {
			isa = PBXGroup;
			children = (
				BD756DC42D27A082004FA956 /* Book.swift */,
				BDCEFB262D36FC9A00F2FA0C /* Tag.swift */,
			);
			path = Models;
			sourceTree = "<group>";
		};
		BD5C18DF2D37651E00BE78BC /* Layout */ = {
			isa = PBXGroup;
			children = (
				BD5C18E02D37653D00BE78BC /* LeftAlignedFlowLayout.swift */,
			);
			path = Layout;
			sourceTree = "<group>";
		};
		BD756DC12D27694B004FA956 /* ViewController */ = {
			isa = PBXGroup;
			children = (
				BDD88EC32D406C6F004033E4 /* More */,
				BD756DC22D2769E6004FA956 /* BookCardCollectionVC.swift */,
				BDF57DF02D2C7555006D9BBD /* BookListTableVC.swift */,
				BDFB04172D2CCE83007F81E0 /* BookDetailVC.swift */,
				BD4162082D2E414D00F8C285 /* WebViewVC.swift */,
				BD41620A2D2E489200F8C285 /* DataLoadingVC.swift */,
			);
			path = ViewController;
			sourceTree = "<group>";
		};
		BD756DC62D27B11F004FA956 /* Cell */ = {
			isa = PBXGroup;
			children = (
				BD756DC92D27B1FD004FA956 /* BookCardCell.swift */,
				BDF57DF22D2C81DD006D9BBD /* BookListCell.swift */,
				BDCEFB322D37163800F2FA0C /* TagCollectionViewCell.swift */,
			);
			path = Cell;
			sourceTree = "<group>";
		};
		BD8A33922D2736C700641D7D = {
			isa = PBXGroup;
			children = (
				BDD88EC62D40770B004033E4 /* BookDam.entitlements */,
				BD8A339D2D2736C700641D7D /* BookDam */,
				BD8A339C2D2736C700641D7D /* Products */,
			);
			sourceTree = "<group>";
		};
		BD8A339C2D2736C700641D7D /* Products */ = {
			isa = PBXGroup;
			children = (
				BD8A339B2D2736C700641D7D /* BookDam.app */,
			);
			name = Products;
			sourceTree = "<group>";
		};
		BD8A339D2D2736C700641D7D /* BookDam */ = {
			isa = PBXGroup;
			children = (
				BD8A33B02D2736C900641D7D /* Info.plist */,
				BD0D28F22D2B2BFD00299966 /* Assets */,
				BDD2C39D2D2B50C9009796AF /* Extensions */,
				BD1F4F662D2A077F00C8D3E0 /* Models */,
				BD8A33BA2D273A3900641D7D /* Utilities */,
				BD8A33B92D273A1800641D7D /* Managers */,
				BD8A33B82D273A1200641D7D /* Views */,
				BD8A33B72D273A0100641D7D /* Controllers */,
				BD8A33B62D27399E00641D7D /* Support */,
			);
			path = BookDam;
			sourceTree = "<group>";
		};
		BD8A33B62D27399E00641D7D /* Support */ = {
			isa = PBXGroup;
			children = (
				BD8A339E2D2736C700641D7D /* AppDelegate.swift */,
				BD8A33A02D2736C700641D7D /* SceneDelegate.swift */,
				BD8A33AA2D2736C900641D7D /* Assets.xcassets */,
				BD8A33AC2D2736C900641D7D /* LaunchScreen.storyboard */,
				BD8A33AF2D2736C900641D7D /* BookDam.entitlements */,
				BD8A33A72D2736C700641D7D /* BookDam.xcdatamodeld */,
				BD3C78BF2D28855F004662CB /* dummy.swift */,
			);
			path = Support;
			sourceTree = "<group>";
		};
		BD8A33B72D273A0100641D7D /* Controllers */ = {
			isa = PBXGroup;
			children = (
				BD8A33BB2D274BDD00641D7D /* BooksVC.swift */,
				BD8A33BD2D274BF200641D7D /* SearchVC.swift */,
				BD8A33BF2D274C4500641D7D /* InfoVC.swift */,
				BDD88EBF2D403C21004033E4 /* MoreVC.swift */,
			);
			path = Controllers;
			sourceTree = "<group>";
		};
		BD8A33B82D273A1200641D7D /* Views */ = {
			isa = PBXGroup;
			children = (
				BD8B7D242D3EFB3800F529B7 /* Sheet */,
				BD5C18DF2D37651E00BE78BC /* Layout */,
				BDD2C39A2D2B3E2A009796AF /* View */,
				BD1F4F5F2D29CBC600C8D3E0 /* Button */,
				BD756DC62D27B11F004FA956 /* Cell */,
				BD756DC12D27694B004FA956 /* ViewController */,
				BD8A33C12D274C9F00641D7D /* TabBarController */,
			);
			path = Views;
			sourceTree = "<group>";
		};
		BD8A33B92D273A1800641D7D /* Managers */ = {
			isa = PBXGroup;
			children = (
				BD1F4F672D2A079F00C8D3E0 /* NetworkManager.swift */,
				BD9B623E2D31E04300AC3176 /* CoreDataManager.swift */,
				BDD686FE2D34BF4E00F6FF91 /* UserDefaultManager.swift */,
				BDD687062D34E2A000F6FF91 /* BookManager.swift */,
				BDCEFB2C2D370E2F00F2FA0C /* TagManager.swift */,
				BD6139202D40C3A800D341BF /* CloudKitManager.swift */,
				BD2E483A2D519B0E00C2F116 /* ReviewManager.swift */,
			);
			path = Managers;
			sourceTree = "<group>";
		};
		BD8A33BA2D273A3900641D7D /* Utilities */ = {
			isa = PBXGroup;
			children = (
				BD756DBF2D275B17004FA956 /* Constant.swift */,
				BD0D28F02D2B21E400299966 /* Quotes.swift */,
			);
			path = Utilities;
			sourceTree = "<group>";
		};
		BD8A33C12D274C9F00641D7D /* TabBarController */ = {
			isa = PBXGroup;
			children = (
				BD8A33C22D274D4500641D7D /* TabBarController.swift */,
			);
			path = TabBarController;
			sourceTree = "<group>";
		};
		BD8B7D242D3EFB3800F529B7 /* Sheet */ = {
			isa = PBXGroup;
			children = (
				BDCEFB302D37119300F2FA0C /* TagManagementSheet.swift */,
				BD8B7D252D3EFB4E00F529B7 /* TagFilterSheet.swift */,
				BD8B7D272D3EFEBD00F529B7 /* TagSelectionVC.swift */,
			);
			path = Sheet;
			sourceTree = "<group>";
		};
		BDD2C39A2D2B3E2A009796AF /* View */ = {
			isa = PBXGroup;
			children = (
				BDD2C39B2D2B3E58009796AF /* QuotesView.swift */,
				BD43978E2D3F5B85003061CA /* AppliedTagsView.swift */,
				BD4397902D3F66ED003061CA /* HeaderContainerView.swift */,
				BD67D6962D4382ED0022856B /* EmptyStateView.swift */,
			);
			path = View;
			sourceTree = "<group>";
		};
		BDD2C39D2D2B50C9009796AF /* Extensions */ = {
			isa = PBXGroup;
			children = (
				BDD2C39E2D2B50DC009796AF /* Label+Ext.swift */,
				BDF57DF42D2CA08B006D9BBD /* String+Ext.swift */,
				BDDB4C542D307CAF005B6701 /* UIViewController + Ext.swift */,
			);
			path = Extensions;
			sourceTree = "<group>";
		};
		BDD88EC32D406C6F004033E4 /* More */ = {
			isa = PBXGroup;
			children = (
				BDD88EC12D404A7C004033E4 /* TagListingVC.swift */,
				BDD88EC42D406CE7004033E4 /* DisplayModeVC.swift */,
			);
			path = More;
			sourceTree = "<group>";
		};
/* End PBXGroup section */

/* Begin PBXNativeTarget section */
		BD8A339A2D2736C700641D7D /* BookDam */ = {
			isa = PBXNativeTarget;
			buildConfigurationList = BD8A33B32D2736C900641D7D /* Build configuration list for PBXNativeTarget "BookDam" */;
			buildPhases = (
				BD8A33972D2736C700641D7D /* Sources */,
				BD8A33982D2736C700641D7D /* Frameworks */,
				BD8A33992D2736C700641D7D /* Resources */,
			);
			buildRules = (
			);
			dependencies = (
			);
			name = BookDam;
			packageProductDependencies = (
			);
			productName = BookDam;
			productReference = BD8A339B2D2736C700641D7D /* BookDam.app */;
			productType = "com.apple.product-type.application";
		};
/* End PBXNativeTarget section */

/* Begin PBXProject section */
		BD8A33932D2736C700641D7D /* Project object */ = {
			isa = PBXProject;
			attributes = {
				BuildIndependentTargetsInParallel = 1;
				LastSwiftUpdateCheck = 1500;
				LastUpgradeCheck = 1500;
				TargetAttributes = {
					BD8A339A2D2736C700641D7D = {
						CreatedOnToolsVersion = 15.0;
					};
				};
			};
			buildConfigurationList = BD8A33962D2736C700641D7D /* Build configuration list for PBXProject "BookDam" */;
			compatibilityVersion = "Xcode 14.0";
			developmentRegion = en;
			hasScannedForEncodings = 0;
			knownRegions = (
				en,
				Base,
			);
			mainGroup = BD8A33922D2736C700641D7D;
			packageReferences = (
			);
			productRefGroup = BD8A339C2D2736C700641D7D /* Products */;
			projectDirPath = "";
			projectRoot = "";
			targets = (
				BD8A339A2D2736C700641D7D /* BookDam */,
			);
		};
/* End PBXProject section */

/* Begin PBXResourcesBuildPhase section */
		BD8A33992D2736C700641D7D /* Resources */ = {
			isa = PBXResourcesBuildPhase;
			buildActionMask = 2147483647;
			files = (
				BD8A33AE2D2736C900641D7D /* LaunchScreen.storyboard in Resources */,
				BD8A33AB2D2736C900641D7D /* Assets.xcassets in Resources */,
				BDD2C3932D2B33F1009796AF /* GowunDodum-Regular.ttf in Resources */,
				BDD2C3962D2B3407009796AF /* GowunBatang-Bold.ttf in Resources */,
				BDD2C3972D2B3407009796AF /* GowunBatang-Regular.ttf in Resources */,
			);
			runOnlyForDeploymentPostprocessing = 0;
		};
/* End PBXResourcesBuildPhase section */

/* Begin PBXSourcesBuildPhase section */
		BD8A33972D2736C700641D7D /* Sources */ = {
			isa = PBXSourcesBuildPhase;
			buildActionMask = 2147483647;
			files = (
				BD0D28F12D2B21E400299966 /* Quotes.swift in Sources */,
				BDD88EC02D403C21004033E4 /* MoreVC.swift in Sources */,
				BD8A33A92D2736C700641D7D /* BookDam.xcdatamodeld in Sources */,
				BD5C18E32D38659300BE78BC /* ButtonFactory.swift in Sources */,
				BD43978F2D3F5B85003061CA /* AppliedTagsView.swift in Sources */,
				BD8A33BE2D274BF200641D7D /* SearchVC.swift in Sources */,
				BD5C18E12D37653E00BE78BC /* LeftAlignedFlowLayout.swift in Sources */,
				BD756DCA2D27B1FD004FA956 /* BookCardCell.swift in Sources */,
				BD8B7D262D3EFB4E00F529B7 /* TagFilterSheet.swift in Sources */,
				BD2E483B2D519B0E00C2F116 /* ReviewManager.swift in Sources */,
				BD1F4F682D2A079F00C8D3E0 /* NetworkManager.swift in Sources */,
				BD1F4F652D29D10800C8D3E0 /* IconButton.swift in Sources */,
				BDF57DF32D2C81DD006D9BBD /* BookListCell.swift in Sources */,
				BDD88EC52D406CE7004033E4 /* DisplayModeVC.swift in Sources */,
				BDD2C39F2D2B50DC009796AF /* Label+Ext.swift in Sources */,
				BD8A339F2D2736C700641D7D /* AppDelegate.swift in Sources */,
				BD756DC02D275B17004FA956 /* Constant.swift in Sources */,
				BD8B7D282D3EFEBD00F529B7 /* TagSelectionVC.swift in Sources */,
				BDCEFB272D36FC9A00F2FA0C /* Tag.swift in Sources */,
				BD4397912D3F66ED003061CA /* HeaderContainerView.swift in Sources */,
				BDFB04182D2CCE83007F81E0 /* BookDetailVC.swift in Sources */,
				BD8A33A12D2736C700641D7D /* SceneDelegate.swift in Sources */,
				BD756DC52D27A082004FA956 /* Book.swift in Sources */,
				BD41620B2D2E489200F8C285 /* DataLoadingVC.swift in Sources */,
				BD8A33C32D274D4500641D7D /* TabBarController.swift in Sources */,
				BDF57DF52D2CA08B006D9BBD /* String+Ext.swift in Sources */,
				BDD687072D34E2A000F6FF91 /* BookManager.swift in Sources */,
				BDCEFB2D2D370E2F00F2FA0C /* TagManager.swift in Sources */,
				BDDB4C552D307CAF005B6701 /* UIViewController + Ext.swift in Sources */,
				BDD88EC22D404A7C004033E4 /* TagListingVC.swift in Sources */,
				BDD686FF2D34BF4E00F6FF91 /* UserDefaultManager.swift in Sources */,
				BDCD1E692D35E22200224B0F /* NavigationButtonFactory.swift in Sources */,
				BD6139212D40C3A800D341BF /* CloudKitManager.swift in Sources */,
				BD8A33C02D274C4500641D7D /* InfoVC.swift in Sources */,
				BD9B623F2D31E04300AC3176 /* CoreDataManager.swift in Sources */,
				BD67D6972D4382ED0022856B /* EmptyStateView.swift in Sources */,
				BDCEFB312D37119300F2FA0C /* TagManagementSheet.swift in Sources */,
				BD756DC32D2769E6004FA956 /* BookCardCollectionVC.swift in Sources */,
				BD8A33BC2D274BDD00641D7D /* BooksVC.swift in Sources */,
				BDD2C39C2D2B3E58009796AF /* QuotesView.swift in Sources */,
				BD4162092D2E414D00F8C285 /* WebViewVC.swift in Sources */,
				BDCEFB332D37163800F2FA0C /* TagCollectionViewCell.swift in Sources */,
				BDF57DF12D2C7555006D9BBD /* BookListTableVC.swift in Sources */,
			);
			runOnlyForDeploymentPostprocessing = 0;
		};
/* End PBXSourcesBuildPhase section */

/* Begin PBXVariantGroup section */
		BD8A33AC2D2736C900641D7D /* LaunchScreen.storyboard */ = {
			isa = PBXVariantGroup;
			children = (
				BD8A33AD2D2736C900641D7D /* Base */,
			);
			name = LaunchScreen.storyboard;
			sourceTree = "<group>";
		};
/* End PBXVariantGroup section */

/* Begin XCBuildConfiguration section */
		BD8A33B12D2736C900641D7D /* Debug */ = {
			isa = XCBuildConfiguration;
			buildSettings = {
				ALWAYS_SEARCH_USER_PATHS = NO;
				ASSETCATALOG_COMPILER_GENERATE_SWIFT_ASSET_SYMBOL_EXTENSIONS = YES;
				CLANG_ANALYZER_NONNULL = YES;
				CLANG_ANALYZER_NUMBER_OBJECT_CONVERSION = YES_AGGRESSIVE;
				CLANG_CXX_LANGUAGE_STANDARD = "gnu++20";
				CLANG_ENABLE_MODULES = YES;
				CLANG_ENABLE_OBJC_ARC = YES;
				CLANG_ENABLE_OBJC_WEAK = YES;
				CLANG_WARN_BLOCK_CAPTURE_AUTORELEASING = YES;
				CLANG_WARN_BOOL_CONVERSION = YES;
				CLANG_WARN_COMMA = YES;
				CLANG_WARN_CONSTANT_CONVERSION = YES;
				CLANG_WARN_DEPRECATED_OBJC_IMPLEMENTATIONS = YES;
				CLANG_WARN_DIRECT_OBJC_ISA_USAGE = YES_ERROR;
				CLANG_WARN_DOCUMENTATION_COMMENTS = YES;
				CLANG_WARN_EMPTY_BODY = YES;
				CLANG_WARN_ENUM_CONVERSION = YES;
				CLANG_WARN_INFINITE_RECURSION = YES;
				CLANG_WARN_INT_CONVERSION = YES;
				CLANG_WARN_NON_LITERAL_NULL_CONVERSION = YES;
				CLANG_WARN_OBJC_IMPLICIT_RETAIN_SELF = YES;
				CLANG_WARN_OBJC_LITERAL_CONVERSION = YES;
				CLANG_WARN_OBJC_ROOT_CLASS = YES_ERROR;
				CLANG_WARN_QUOTED_INCLUDE_IN_FRAMEWORK_HEADER = YES;
				CLANG_WARN_RANGE_LOOP_ANALYSIS = YES;
				CLANG_WARN_STRICT_PROTOTYPES = YES;
				CLANG_WARN_SUSPICIOUS_MOVE = YES;
				CLANG_WARN_UNGUARDED_AVAILABILITY = YES_AGGRESSIVE;
				CLANG_WARN_UNREACHABLE_CODE = YES;
				CLANG_WARN__DUPLICATE_METHOD_MATCH = YES;
				COPY_PHASE_STRIP = NO;
				DEBUG_INFORMATION_FORMAT = dwarf;
				ENABLE_STRICT_OBJC_MSGSEND = YES;
				ENABLE_TESTABILITY = YES;
				ENABLE_USER_SCRIPT_SANDBOXING = YES;
				GCC_C_LANGUAGE_STANDARD = gnu17;
				GCC_DYNAMIC_NO_PIC = NO;
				GCC_NO_COMMON_BLOCKS = YES;
				GCC_OPTIMIZATION_LEVEL = 0;
				GCC_PREPROCESSOR_DEFINITIONS = (
					"DEBUG=1",
					"$(inherited)",
				);
				GCC_WARN_64_TO_32_BIT_CONVERSION = YES;
				GCC_WARN_ABOUT_RETURN_TYPE = YES_ERROR;
				GCC_WARN_UNDECLARED_SELECTOR = YES;
				GCC_WARN_UNINITIALIZED_AUTOS = YES_AGGRESSIVE;
				GCC_WARN_UNUSED_FUNCTION = YES;
				GCC_WARN_UNUSED_VARIABLE = YES;
				IPHONEOS_DEPLOYMENT_TARGET = 16.0;
				LOCALIZATION_PREFERS_STRING_CATALOGS = YES;
				MTL_ENABLE_DEBUG_INFO = INCLUDE_SOURCE;
				MTL_FAST_MATH = YES;
				ONLY_ACTIVE_ARCH = YES;
				SDKROOT = iphoneos;
				SWIFT_ACTIVE_COMPILATION_CONDITIONS = "DEBUG $(inherited)";
				SWIFT_OPTIMIZATION_LEVEL = "-Onone";
			};
			name = Debug;
		};
		BD8A33B22D2736C900641D7D /* Release */ = {
			isa = XCBuildConfiguration;
			buildSettings = {
				ALWAYS_SEARCH_USER_PATHS = NO;
				ASSETCATALOG_COMPILER_GENERATE_SWIFT_ASSET_SYMBOL_EXTENSIONS = YES;
				CLANG_ANALYZER_NONNULL = YES;
				CLANG_ANALYZER_NUMBER_OBJECT_CONVERSION = YES_AGGRESSIVE;
				CLANG_CXX_LANGUAGE_STANDARD = "gnu++20";
				CLANG_ENABLE_MODULES = YES;
				CLANG_ENABLE_OBJC_ARC = YES;
				CLANG_ENABLE_OBJC_WEAK = YES;
				CLANG_WARN_BLOCK_CAPTURE_AUTORELEASING = YES;
				CLANG_WARN_BOOL_CONVERSION = YES;
				CLANG_WARN_COMMA = YES;
				CLANG_WARN_CONSTANT_CONVERSION = YES;
				CLANG_WARN_DEPRECATED_OBJC_IMPLEMENTATIONS = YES;
				CLANG_WARN_DIRECT_OBJC_ISA_USAGE = YES_ERROR;
				CLANG_WARN_DOCUMENTATION_COMMENTS = YES;
				CLANG_WARN_EMPTY_BODY = YES;
				CLANG_WARN_ENUM_CONVERSION = YES;
				CLANG_WARN_INFINITE_RECURSION = YES;
				CLANG_WARN_INT_CONVERSION = YES;
				CLANG_WARN_NON_LITERAL_NULL_CONVERSION = YES;
				CLANG_WARN_OBJC_IMPLICIT_RETAIN_SELF = YES;
				CLANG_WARN_OBJC_LITERAL_CONVERSION = YES;
				CLANG_WARN_OBJC_ROOT_CLASS = YES_ERROR;
				CLANG_WARN_QUOTED_INCLUDE_IN_FRAMEWORK_HEADER = YES;
				CLANG_WARN_RANGE_LOOP_ANALYSIS = YES;
				CLANG_WARN_STRICT_PROTOTYPES = YES;
				CLANG_WARN_SUSPICIOUS_MOVE = YES;
				CLANG_WARN_UNGUARDED_AVAILABILITY = YES_AGGRESSIVE;
				CLANG_WARN_UNREACHABLE_CODE = YES;
				CLANG_WARN__DUPLICATE_METHOD_MATCH = YES;
				COPY_PHASE_STRIP = NO;
				DEBUG_INFORMATION_FORMAT = "dwarf-with-dsym";
				ENABLE_NS_ASSERTIONS = NO;
				ENABLE_STRICT_OBJC_MSGSEND = YES;
				ENABLE_USER_SCRIPT_SANDBOXING = YES;
				GCC_C_LANGUAGE_STANDARD = gnu17;
				GCC_NO_COMMON_BLOCKS = YES;
				GCC_WARN_64_TO_32_BIT_CONVERSION = YES;
				GCC_WARN_ABOUT_RETURN_TYPE = YES_ERROR;
				GCC_WARN_UNDECLARED_SELECTOR = YES;
				GCC_WARN_UNINITIALIZED_AUTOS = YES_AGGRESSIVE;
				GCC_WARN_UNUSED_FUNCTION = YES;
				GCC_WARN_UNUSED_VARIABLE = YES;
				IPHONEOS_DEPLOYMENT_TARGET = 16.0;
				LOCALIZATION_PREFERS_STRING_CATALOGS = YES;
				MTL_ENABLE_DEBUG_INFO = NO;
				MTL_FAST_MATH = YES;
				SDKROOT = iphoneos;
				SWIFT_COMPILATION_MODE = wholemodule;
				VALIDATE_PRODUCT = YES;
			};
			name = Release;
		};
		BD8A33B42D2736C900641D7D /* Debug */ = {
			isa = XCBuildConfiguration;
			buildSettings = {
				ASSETCATALOG_COMPILER_APPICON_NAME = AppIcon;
				ASSETCATALOG_COMPILER_GLOBAL_ACCENT_COLOR_NAME = AccentColor;
				CODE_SIGN_ENTITLEMENTS = BookDam/Support/BookDam.entitlements;
				CODE_SIGN_IDENTITY = "Apple Development";
				CODE_SIGN_STYLE = Automatic;
				CURRENT_PROJECT_VERSION = 1;
				DEVELOPMENT_TEAM = 9JY2D829G5;
				GENERATE_INFOPLIST_FILE = YES;
				INFOPLIST_FILE = BookDam/Info.plist;
				INFOPLIST_KEY_CFBundleDisplayName = "책담";
				INFOPLIST_KEY_LSApplicationCategoryType = "public.app-category.books";
				INFOPLIST_KEY_UIApplicationSupportsIndirectInputEvents = YES;
				INFOPLIST_KEY_UILaunchStoryboardName = LaunchScreen;
				INFOPLIST_KEY_UIStatusBarStyle = "";
				INFOPLIST_KEY_UISupportedInterfaceOrientations = UIInterfaceOrientationPortrait;
				INFOPLIST_KEY_UISupportedInterfaceOrientations_iPad = "UIInterfaceOrientationLandscapeLeft UIInterfaceOrientationLandscapeRight UIInterfaceOrientationPortrait UIInterfaceOrientationPortraitUpsideDown";
				IPHONEOS_DEPLOYMENT_TARGET = 16.0;
				LD_RUNPATH_SEARCH_PATHS = (
					"$(inherited)",
					"@executable_path/Frameworks",
				);
				MARKETING_VERSION = 1.0;
				PRODUCT_BUNDLE_IDENTIFIER = com.changkeun.BookDam;
				PRODUCT_NAME = "$(TARGET_NAME)";
				PROVISIONING_PROFILE_SPECIFIER = "";
				SUPPORTED_PLATFORMS = "iphoneos iphonesimulator";
				SUPPORTS_MACCATALYST = NO;
				SUPPORTS_MAC_DESIGNED_FOR_IPHONE_IPAD = NO;
				SWIFT_EMIT_LOC_STRINGS = YES;
				SWIFT_VERSION = 5.0;
				TARGETED_DEVICE_FAMILY = "1,2";
			};
			name = Debug;
		};
		BD8A33B52D2736C900641D7D /* Release */ = {
			isa = XCBuildConfiguration;
			buildSettings = {
				ASSETCATALOG_COMPILER_APPICON_NAME = AppIcon;
				ASSETCATALOG_COMPILER_GLOBAL_ACCENT_COLOR_NAME = AccentColor;
				CODE_SIGN_ENTITLEMENTS = BookDam/Support/BookDam.entitlements;
				CODE_SIGN_IDENTITY = "Apple Development";
				CODE_SIGN_STYLE = Automatic;
				CURRENT_PROJECT_VERSION = 1;
				DEVELOPMENT_TEAM = 9JY2D829G5;
				GENERATE_INFOPLIST_FILE = YES;
				INFOPLIST_FILE = BookDam/Info.plist;
				INFOPLIST_KEY_CFBundleDisplayName = "책담";
				INFOPLIST_KEY_LSApplicationCategoryType = "public.app-category.books";
				INFOPLIST_KEY_UIApplicationSupportsIndirectInputEvents = YES;
				INFOPLIST_KEY_UILaunchStoryboardName = LaunchScreen;
				INFOPLIST_KEY_UIStatusBarStyle = "";
				INFOPLIST_KEY_UISupportedInterfaceOrientations = UIInterfaceOrientationPortrait;
				INFOPLIST_KEY_UISupportedInterfaceOrientations_iPad = "UIInterfaceOrientationLandscapeLeft UIInterfaceOrientationLandscapeRight UIInterfaceOrientationPortrait UIInterfaceOrientationPortraitUpsideDown";
				IPHONEOS_DEPLOYMENT_TARGET = 16.0;
				LD_RUNPATH_SEARCH_PATHS = (
					"$(inherited)",
					"@executable_path/Frameworks",
				);
				MARKETING_VERSION = 1.0;
				PRODUCT_BUNDLE_IDENTIFIER = com.changkeun.BookDam;
				PRODUCT_NAME = "$(TARGET_NAME)";
				PROVISIONING_PROFILE_SPECIFIER = "";
				SUPPORTED_PLATFORMS = "iphoneos iphonesimulator";
				SUPPORTS_MACCATALYST = NO;
				SUPPORTS_MAC_DESIGNED_FOR_IPHONE_IPAD = NO;
				SWIFT_EMIT_LOC_STRINGS = YES;
				SWIFT_VERSION = 5.0;
				TARGETED_DEVICE_FAMILY = "1,2";
			};
			name = Release;
		};
/* End XCBuildConfiguration section */

/* Begin XCConfigurationList section */
		BD8A33962D2736C700641D7D /* Build configuration list for PBXProject "BookDam" */ = {
			isa = XCConfigurationList;
			buildConfigurations = (
				BD8A33B12D2736C900641D7D /* Debug */,
				BD8A33B22D2736C900641D7D /* Release */,
			);
			defaultConfigurationIsVisible = 0;
			defaultConfigurationName = Release;
		};
		BD8A33B32D2736C900641D7D /* Build configuration list for PBXNativeTarget "BookDam" */ = {
			isa = XCConfigurationList;
			buildConfigurations = (
				BD8A33B42D2736C900641D7D /* Debug */,
				BD8A33B52D2736C900641D7D /* Release */,
			);
			defaultConfigurationIsVisible = 0;
			defaultConfigurationName = Release;
		};
/* End XCConfigurationList section */

/* Begin XCVersionGroup section */
		BD8A33A72D2736C700641D7D /* BookDam.xcdatamodeld */ = {
			isa = XCVersionGroup;
			children = (
				BD8A33A82D2736C700641D7D /* BookDam.xcdatamodel */,
			);
			currentVersion = BD8A33A82D2736C700641D7D /* BookDam.xcdatamodel */;
			path = BookDam.xcdatamodeld;
			sourceTree = "<group>";
			versionGroupType = wrapper.xcdatamodel;
		};
/* End XCVersionGroup section */
	};
	rootObject = BD8A33932D2736C700641D7D /* Project object */;
}
